// !$*UTF8*$!
{
	archiveVersion = 1;
	classes = {
	};
	objectVersion = 55;
	objects = {

/* Begin PBXBuildFile section */
		AA07631728134664006D7790 /* WalletsFactory.swift in Sources */ = {isa = PBXBuildFile; fileRef = AA07631628134664006D7790 /* WalletsFactory.swift */; };
		AA0763252814B36D006D7790 /* WalletsFeature in Frameworks */ = {isa = PBXBuildFile; productRef = AA0763242814B36D006D7790 /* WalletsFeature */; };
		AA07632A28153446006D7790 /* Localizable.strings in Resources */ = {isa = PBXBuildFile; fileRef = AA07632C28153446006D7790 /* Localizable.strings */; };
		AA62659228060D21004D7897 /* AppDelegate.swift in Sources */ = {isa = PBXBuildFile; fileRef = AA62659128060D21004D7897 /* AppDelegate.swift */; };
		AA62659B28060D21004D7897 /* Assets.xcassets in Resources */ = {isa = PBXBuildFile; fileRef = AA62659A28060D21004D7897 /* Assets.xcassets */; };
		AA62659E28060D21004D7897 /* LaunchScreen.storyboard in Resources */ = {isa = PBXBuildFile; fileRef = AA62659C28060D21004D7897 /* LaunchScreen.storyboard */; };
		AA6265A928060D22004D7897 /* BitPandaTests.swift in Sources */ = {isa = PBXBuildFile; fileRef = AA6265A828060D22004D7897 /* BitPandaTests.swift */; };
		AA6265B328060D22004D7897 /* BitPandaUITests.swift in Sources */ = {isa = PBXBuildFile; fileRef = AA6265B228060D22004D7897 /* BitPandaUITests.swift */; };
		AA6265B528060D22004D7897 /* BitPandaUITestsLaunchTests.swift in Sources */ = {isa = PBXBuildFile; fileRef = AA6265B428060D22004D7897 /* BitPandaUITestsLaunchTests.swift */; };
		AA66EEE22810566E00374D6F /* Masterdata.json in Resources */ = {isa = PBXBuildFile; fileRef = AA17569B280DFD6500904BAA /* Masterdata.json */; };
		AA96515B280F100E0095AEE1 /* DependencyContainer.swift in Sources */ = {isa = PBXBuildFile; fileRef = AA96515A280F100E0095AEE1 /* DependencyContainer.swift */; };
		AABF2E35280DDE740098D404 /* AppCoordinator.swift in Sources */ = {isa = PBXBuildFile; fileRef = AABF2E31280DDE740098D404 /* AppCoordinator.swift */; };
		AABF2E48280DE6A50098D404 /* WalletsCoordinator.swift in Sources */ = {isa = PBXBuildFile; fileRef = AABF2E47280DE6A50098D404 /* WalletsCoordinator.swift */; };
		AABF2E4B280DF3610098D404 /* BitPandaCore in Frameworks */ = {isa = PBXBuildFile; productRef = AABF2E4A280DF3610098D404 /* BitPandaCore */; };
		AABF2E4E280DF7470098D404 /* BitPandaUI in Frameworks */ = {isa = PBXBuildFile; productRef = AABF2E4D280DF7470098D404 /* BitPandaUI */; };
		AAF5295D2811D18600B706DA /* AssetsFeature in Frameworks */ = {isa = PBXBuildFile; productRef = AAF5295C2811D18600B706DA /* AssetsFeature */; };
		AAF529612811D25B00B706DA /* AssetsCoordinator.swift in Sources */ = {isa = PBXBuildFile; fileRef = AAF529602811D25B00B706DA /* AssetsCoordinator.swift */; };
		AAF529632811D29800B706DA /* AssetsFactory.swift in Sources */ = {isa = PBXBuildFile; fileRef = AAF529622811D29800B706DA /* AssetsFactory.swift */; };
/* End PBXBuildFile section */

/* Begin PBXContainerItemProxy section */
		AA6265A528060D22004D7897 /* PBXContainerItemProxy */ = {
			isa = PBXContainerItemProxy;
			containerPortal = AA62658628060D21004D7897 /* Project object */;
			proxyType = 1;
			remoteGlobalIDString = AA62658D28060D21004D7897;
			remoteInfo = BitPanda;
		};
		AA6265AF28060D22004D7897 /* PBXContainerItemProxy */ = {
			isa = PBXContainerItemProxy;
			containerPortal = AA62658628060D21004D7897 /* Project object */;
			proxyType = 1;
			remoteGlobalIDString = AA62658D28060D21004D7897;
			remoteInfo = BitPanda;
		};
/* End PBXContainerItemProxy section */

/* Begin PBXCopyFilesBuildPhase section */
		AA66EEEA28109C5900374D6F /* Embed Frameworks */ = {
			isa = PBXCopyFilesBuildPhase;
			buildActionMask = 2147483647;
			dstPath = "";
			dstSubfolderSpec = 10;
			files = (
			);
			name = "Embed Frameworks";
			runOnlyForDeploymentPostprocessing = 0;
		};
/* End PBXCopyFilesBuildPhase section */

/* Begin PBXFileReference section */
		AA07631628134664006D7790 /* WalletsFactory.swift */ = {isa = PBXFileReference; lastKnownFileType = sourcecode.swift; path = WalletsFactory.swift; sourceTree = "<group>"; };
		AA0763232814B30C006D7790 /* WalletsFeature */ = {isa = PBXFileReference; lastKnownFileType = wrapper; path = WalletsFeature; sourceTree = "<group>"; };
		AA07632B28153446006D7790 /* en */ = {isa = PBXFileReference; lastKnownFileType = text.plist.strings; name = en; path = en.lproj/Localizable.strings; sourceTree = "<group>"; };
		AA07632D2815345E006D7790 /* de */ = {isa = PBXFileReference; lastKnownFileType = text.plist.strings; name = de; path = de.lproj/Localizable.strings; sourceTree = "<group>"; };
		AA07632F28157DDA006D7790 /* Base */ = {isa = PBXFileReference; lastKnownFileType = file.storyboard; name = Base; path = Base.lproj/LaunchScreen.storyboard; sourceTree = "<group>"; };
		AA17569B280DFD6500904BAA /* Masterdata.json */ = {isa = PBXFileReference; lastKnownFileType = text.json; path = Masterdata.json; sourceTree = "<group>"; };
		AA62658E28060D21004D7897 /* BitPanda.app */ = {isa = PBXFileReference; explicitFileType = wrapper.application; includeInIndex = 0; path = BitPanda.app; sourceTree = BUILT_PRODUCTS_DIR; };
		AA62659128060D21004D7897 /* AppDelegate.swift */ = {isa = PBXFileReference; lastKnownFileType = sourcecode.swift; path = AppDelegate.swift; sourceTree = "<group>"; };
		AA62659A28060D21004D7897 /* Assets.xcassets */ = {isa = PBXFileReference; lastKnownFileType = folder.assetcatalog; path = Assets.xcassets; sourceTree = "<group>"; };
		AA62659F28060D21004D7897 /* Info.plist */ = {isa = PBXFileReference; lastKnownFileType = text.plist.xml; path = Info.plist; sourceTree = "<group>"; };
		AA6265A428060D22004D7897 /* BitPandaTests.xctest */ = {isa = PBXFileReference; explicitFileType = wrapper.cfbundle; includeInIndex = 0; path = BitPandaTests.xctest; sourceTree = BUILT_PRODUCTS_DIR; };
		AA6265A828060D22004D7897 /* BitPandaTests.swift */ = {isa = PBXFileReference; lastKnownFileType = sourcecode.swift; path = BitPandaTests.swift; sourceTree = "<group>"; };
		AA6265AE28060D22004D7897 /* BitPandaUITests.xctest */ = {isa = PBXFileReference; explicitFileType = wrapper.cfbundle; includeInIndex = 0; path = BitPandaUITests.xctest; sourceTree = BUILT_PRODUCTS_DIR; };
		AA6265B228060D22004D7897 /* BitPandaUITests.swift */ = {isa = PBXFileReference; lastKnownFileType = sourcecode.swift; path = BitPandaUITests.swift; sourceTree = "<group>"; };
		AA6265B428060D22004D7897 /* BitPandaUITestsLaunchTests.swift */ = {isa = PBXFileReference; lastKnownFileType = sourcecode.swift; path = BitPandaUITestsLaunchTests.swift; sourceTree = "<group>"; };
		AA96515A280F100E0095AEE1 /* DependencyContainer.swift */ = {isa = PBXFileReference; lastKnownFileType = sourcecode.swift; path = DependencyContainer.swift; sourceTree = "<group>"; };
		AABF2E31280DDE740098D404 /* AppCoordinator.swift */ = {isa = PBXFileReference; fileEncoding = 4; lastKnownFileType = sourcecode.swift; path = AppCoordinator.swift; sourceTree = "<group>"; };
		AABF2E47280DE6A50098D404 /* WalletsCoordinator.swift */ = {isa = PBXFileReference; lastKnownFileType = sourcecode.swift; path = WalletsCoordinator.swift; sourceTree = "<group>"; };
		AABF2E49280DF3060098D404 /* BitPandaCore */ = {isa = PBXFileReference; lastKnownFileType = wrapper; path = BitPandaCore; sourceTree = "<group>"; };
		AABF2E4C280DF6800098D404 /* BitPandaUI */ = {isa = PBXFileReference; lastKnownFileType = wrapper; path = BitPandaUI; sourceTree = "<group>"; };
		AAF5295B2811D11000B706DA /* AssetsFeature */ = {isa = PBXFileReference; lastKnownFileType = wrapper; path = AssetsFeature; sourceTree = "<group>"; };
		AAF529602811D25B00B706DA /* AssetsCoordinator.swift */ = {isa = PBXFileReference; fileEncoding = 4; lastKnownFileType = sourcecode.swift; path = AssetsCoordinator.swift; sourceTree = "<group>"; };
		AAF529622811D29800B706DA /* AssetsFactory.swift */ = {isa = PBXFileReference; lastKnownFileType = sourcecode.swift; path = AssetsFactory.swift; sourceTree = "<group>"; };
/* End PBXFileReference section */

/* Begin PBXFrameworksBuildPhase section */
		AA62658B28060D21004D7897 /* Frameworks */ = {
			isa = PBXFrameworksBuildPhase;
			buildActionMask = 2147483647;
			files = (
				AABF2E4B280DF3610098D404 /* BitPandaCore in Frameworks */,
				AABF2E4E280DF7470098D404 /* BitPandaUI in Frameworks */,
				AA0763252814B36D006D7790 /* WalletsFeature in Frameworks */,
				AAF5295D2811D18600B706DA /* AssetsFeature in Frameworks */,
			);
			runOnlyForDeploymentPostprocessing = 0;
		};
		AA6265A128060D22004D7897 /* Frameworks */ = {
			isa = PBXFrameworksBuildPhase;
			buildActionMask = 2147483647;
			files = (
			);
			runOnlyForDeploymentPostprocessing = 0;
		};
		AA6265AB28060D22004D7897 /* Frameworks */ = {
			isa = PBXFrameworksBuildPhase;
			buildActionMask = 2147483647;
			files = (
			);
			runOnlyForDeploymentPostprocessing = 0;
		};
/* End PBXFrameworksBuildPhase section */

/* Begin PBXGroup section */
		AA62658528060D21004D7897 = {
			isa = PBXGroup;
			children = (
				AABF2E3F280DE19B0098D404 /* Modules */,
				AA62659028060D21004D7897 /* BitPanda */,
				AA6265A728060D22004D7897 /* BitPandaTests */,
				AA6265B128060D22004D7897 /* BitPandaUITests */,
				AA62658F28060D21004D7897 /* Products */,
				AABF2E39280DE0F70098D404 /* Frameworks */,
			);
			sourceTree = "<group>";
		};
		AA62658F28060D21004D7897 /* Products */ = {
			isa = PBXGroup;
			children = (
				AA62658E28060D21004D7897 /* BitPanda.app */,
				AA6265A428060D22004D7897 /* BitPandaTests.xctest */,
				AA6265AE28060D22004D7897 /* BitPandaUITests.xctest */,
			);
			name = Products;
			sourceTree = "<group>";
		};
		AA62659028060D21004D7897 /* BitPanda */ = {
			isa = PBXGroup;
			children = (
				AABF2E43280DE45C0098D404 /* AppStart */,
				AA965159280F0FF70095AEE1 /* Dependency */,
				AAF529642811D35D00B706DA /* Assets */,
				AABF2E41280DE4350098D404 /* Wallets */,
				AABF2E44280DE4850098D404 /* Resources */,
				AA62659F28060D21004D7897 /* Info.plist */,
			);
			path = BitPanda;
			sourceTree = "<group>";
		};
		AA6265A728060D22004D7897 /* BitPandaTests */ = {
			isa = PBXGroup;
			children = (
				AA6265A828060D22004D7897 /* BitPandaTests.swift */,
			);
			path = BitPandaTests;
			sourceTree = "<group>";
		};
		AA6265B128060D22004D7897 /* BitPandaUITests */ = {
			isa = PBXGroup;
			children = (
				AA6265B228060D22004D7897 /* BitPandaUITests.swift */,
				AA6265B428060D22004D7897 /* BitPandaUITestsLaunchTests.swift */,
			);
			path = BitPandaUITests;
			sourceTree = "<group>";
		};
		AA965159280F0FF70095AEE1 /* Dependency */ = {
			isa = PBXGroup;
			children = (
				AA96515A280F100E0095AEE1 /* DependencyContainer.swift */,
			);
			path = Dependency;
			sourceTree = "<group>";
		};
		AABF2E39280DE0F70098D404 /* Frameworks */ = {
			isa = PBXGroup;
			children = (
			);
			name = Frameworks;
			sourceTree = "<group>";
		};
		AABF2E3F280DE19B0098D404 /* Modules */ = {
			isa = PBXGroup;
			children = (
				AA0763232814B30C006D7790 /* WalletsFeature */,
				AAF5295B2811D11000B706DA /* AssetsFeature */,
				AABF2E4C280DF6800098D404 /* BitPandaUI */,
				AABF2E49280DF3060098D404 /* BitPandaCore */,
			);
			path = Modules;
			sourceTree = "<group>";
		};
		AABF2E41280DE4350098D404 /* Wallets */ = {
			isa = PBXGroup;
			children = (
				AA07631628134664006D7790 /* WalletsFactory.swift */,
				AABF2E47280DE6A50098D404 /* WalletsCoordinator.swift */,
			);
			path = Wallets;
			sourceTree = "<group>";
		};
		AABF2E43280DE45C0098D404 /* AppStart */ = {
			isa = PBXGroup;
			children = (
				AA62659128060D21004D7897 /* AppDelegate.swift */,
				AABF2E31280DDE740098D404 /* AppCoordinator.swift */,
			);
			path = AppStart;
			sourceTree = "<group>";
		};
		AABF2E44280DE4850098D404 /* Resources */ = {
			isa = PBXGroup;
			children = (
				AA17569B280DFD6500904BAA /* Masterdata.json */,
				AA62659A28060D21004D7897 /* Assets.xcassets */,
				AA62659C28060D21004D7897 /* LaunchScreen.storyboard */,
				AA07632C28153446006D7790 /* Localizable.strings */,
			);
			path = Resources;
			sourceTree = "<group>";
		};
		AAF529642811D35D00B706DA /* Assets */ = {
			isa = PBXGroup;
			children = (
				AAF529602811D25B00B706DA /* AssetsCoordinator.swift */,
				AAF529622811D29800B706DA /* AssetsFactory.swift */,
			);
			path = Assets;
			sourceTree = "<group>";
		};
/* End PBXGroup section */

/* Begin PBXNativeTarget section */
		AA62658D28060D21004D7897 /* BitPanda */ = {
			isa = PBXNativeTarget;
			buildConfigurationList = AA6265B828060D22004D7897 /* Build configuration list for PBXNativeTarget "BitPanda" */;
			buildPhases = (
				AA62658A28060D21004D7897 /* Sources */,
				AA62658B28060D21004D7897 /* Frameworks */,
				AA62658C28060D21004D7897 /* Resources */,
				AA66EEEA28109C5900374D6F /* Embed Frameworks */,
			);
			buildRules = (
			);
			dependencies = (
			);
			name = BitPanda;
			packageProductDependencies = (
				AABF2E4A280DF3610098D404 /* BitPandaCore */,
				AABF2E4D280DF7470098D404 /* BitPandaUI */,
				AAF5295C2811D18600B706DA /* AssetsFeature */,
				AA0763242814B36D006D7790 /* WalletsFeature */,
			);
			productName = BitPanda;
			productReference = AA62658E28060D21004D7897 /* BitPanda.app */;
			productType = "com.apple.product-type.application";
		};
		AA6265A328060D22004D7897 /* BitPandaTests */ = {
			isa = PBXNativeTarget;
			buildConfigurationList = AA6265BB28060D22004D7897 /* Build configuration list for PBXNativeTarget "BitPandaTests" */;
			buildPhases = (
				AA6265A028060D22004D7897 /* Sources */,
				AA6265A128060D22004D7897 /* Frameworks */,
				AA6265A228060D22004D7897 /* Resources */,
			);
			buildRules = (
			);
			dependencies = (
				AA6265A628060D22004D7897 /* PBXTargetDependency */,
			);
			name = BitPandaTests;
			productName = BitPandaTests;
			productReference = AA6265A428060D22004D7897 /* BitPandaTests.xctest */;
			productType = "com.apple.product-type.bundle.unit-test";
		};
		AA6265AD28060D22004D7897 /* BitPandaUITests */ = {
			isa = PBXNativeTarget;
			buildConfigurationList = AA6265BE28060D22004D7897 /* Build configuration list for PBXNativeTarget "BitPandaUITests" */;
			buildPhases = (
				AA6265AA28060D22004D7897 /* Sources */,
				AA6265AB28060D22004D7897 /* Frameworks */,
				AA6265AC28060D22004D7897 /* Resources */,
			);
			buildRules = (
			);
			dependencies = (
				AA6265B028060D22004D7897 /* PBXTargetDependency */,
			);
			name = BitPandaUITests;
			productName = BitPandaUITests;
			productReference = AA6265AE28060D22004D7897 /* BitPandaUITests.xctest */;
			productType = "com.apple.product-type.bundle.ui-testing";
		};
/* End PBXNativeTarget section */

/* Begin PBXProject section */
		AA62658628060D21004D7897 /* Project object */ = {
			isa = PBXProject;
			attributes = {
				BuildIndependentTargetsInParallel = 1;
				LastSwiftUpdateCheck = 1330;
				LastUpgradeCheck = 1330;
				TargetAttributes = {
					AA62658D28060D21004D7897 = {
						CreatedOnToolsVersion = 13.3;
					};
					AA6265A328060D22004D7897 = {
						CreatedOnToolsVersion = 13.3;
						TestTargetID = AA62658D28060D21004D7897;
					};
					AA6265AD28060D22004D7897 = {
						CreatedOnToolsVersion = 13.3;
						TestTargetID = AA62658D28060D21004D7897;
					};
				};
			};
			buildConfigurationList = AA62658928060D21004D7897 /* Build configuration list for PBXProject "BitPanda" */;
			compatibilityVersion = "Xcode 13.0";
			developmentRegion = en;
			hasScannedForEncodings = 0;
			knownRegions = (
				en,
				de,
				Base,
			);
			mainGroup = AA62658528060D21004D7897;
			packageReferences = (
				AA61144D2B6955B500E9B9D2 /* XCRemoteSwiftPackageReference "swift-style-guide" */,
			);
			productRefGroup = AA62658F28060D21004D7897 /* Products */;
			projectDirPath = "";
			projectRoot = "";
			targets = (
				AA62658D28060D21004D7897 /* BitPanda */,
				AA6265A328060D22004D7897 /* BitPandaTests */,
				AA6265AD28060D22004D7897 /* BitPandaUITests */,
			);
		};
/* End PBXProject section */

/* Begin PBXResourcesBuildPhase section */
		AA62658C28060D21004D7897 /* Resources */ = {
			isa = PBXResourcesBuildPhase;
			buildActionMask = 2147483647;
			files = (
				AA66EEE22810566E00374D6F /* Masterdata.json in Resources */,
				AA07632A28153446006D7790 /* Localizable.strings in Resources */,
				AA62659E28060D21004D7897 /* LaunchScreen.storyboard in Resources */,
				AA62659B28060D21004D7897 /* Assets.xcassets in Resources */,
			);
			runOnlyForDeploymentPostprocessing = 0;
		};
		AA6265A228060D22004D7897 /* Resources */ = {
			isa = PBXResourcesBuildPhase;
			buildActionMask = 2147483647;
			files = (
			);
			runOnlyForDeploymentPostprocessing = 0;
		};
		AA6265AC28060D22004D7897 /* Resources */ = {
			isa = PBXResourcesBuildPhase;
			buildActionMask = 2147483647;
			files = (
			);
			runOnlyForDeploymentPostprocessing = 0;
		};
/* End PBXResourcesBuildPhase section */

/* Begin PBXSourcesBuildPhase section */
		AA62658A28060D21004D7897 /* Sources */ = {
			isa = PBXSourcesBuildPhase;
			buildActionMask = 2147483647;
			files = (
				AABF2E35280DDE740098D404 /* AppCoordinator.swift in Sources */,
				AA62659228060D21004D7897 /* AppDelegate.swift in Sources */,
				AA96515B280F100E0095AEE1 /* DependencyContainer.swift in Sources */,
				AA07631728134664006D7790 /* WalletsFactory.swift in Sources */,
				AAF529632811D29800B706DA /* AssetsFactory.swift in Sources */,
				AABF2E48280DE6A50098D404 /* WalletsCoordinator.swift in Sources */,
				AAF529612811D25B00B706DA /* AssetsCoordinator.swift in Sources */,
			);
			runOnlyForDeploymentPostprocessing = 0;
		};
		AA6265A028060D22004D7897 /* Sources */ = {
			isa = PBXSourcesBuildPhase;
			buildActionMask = 2147483647;
			files = (
				AA6265A928060D22004D7897 /* BitPandaTests.swift in Sources */,
			);
			runOnlyForDeploymentPostprocessing = 0;
		};
		AA6265AA28060D22004D7897 /* Sources */ = {
			isa = PBXSourcesBuildPhase;
			buildActionMask = 2147483647;
			files = (
				AA6265B528060D22004D7897 /* BitPandaUITestsLaunchTests.swift in Sources */,
				AA6265B328060D22004D7897 /* BitPandaUITests.swift in Sources */,
			);
			runOnlyForDeploymentPostprocessing = 0;
		};
/* End PBXSourcesBuildPhase section */

/* Begin PBXTargetDependency section */
		AA6265A628060D22004D7897 /* PBXTargetDependency */ = {
			isa = PBXTargetDependency;
			target = AA62658D28060D21004D7897 /* BitPanda */;
			targetProxy = AA6265A528060D22004D7897 /* PBXContainerItemProxy */;
		};
		AA6265B028060D22004D7897 /* PBXTargetDependency */ = {
			isa = PBXTargetDependency;
			target = AA62658D28060D21004D7897 /* BitPanda */;
			targetProxy = AA6265AF28060D22004D7897 /* PBXContainerItemProxy */;
		};
/* End PBXTargetDependency section */

/* Begin PBXVariantGroup section */
		AA07632C28153446006D7790 /* Localizable.strings */ = {
			isa = PBXVariantGroup;
			children = (
				AA07632B28153446006D7790 /* en */,
				AA07632D2815345E006D7790 /* de */,
			);
			name = Localizable.strings;
			sourceTree = "<group>";
		};
		AA62659C28060D21004D7897 /* LaunchScreen.storyboard */ = {
			isa = PBXVariantGroup;
			children = (
				AA07632F28157DDA006D7790 /* Base */,
			);
			name = LaunchScreen.storyboard;
			sourceTree = "<group>";
		};
/* End PBXVariantGroup section */

/* Begin XCBuildConfiguration section */
		AA6265B628060D22004D7897 /* Debug */ = {
			isa = XCBuildConfiguration;
			buildSettings = {
				ALWAYS_SEARCH_USER_PATHS = NO;
				CLANG_ANALYZER_LOCALIZABILITY_NONLOCALIZED = YES;
				CLANG_ANALYZER_NONNULL = YES;
				CLANG_ANALYZER_NUMBER_OBJECT_CONVERSION = YES_AGGRESSIVE;
				CLANG_CXX_LANGUAGE_STANDARD = "gnu++17";
				CLANG_ENABLE_MODULES = YES;
				CLANG_ENABLE_OBJC_ARC = YES;
				CLANG_ENABLE_OBJC_WEAK = YES;
				CLANG_WARN_BLOCK_CAPTURE_AUTORELEASING = YES;
				CLANG_WARN_BOOL_CONVERSION = YES;
				CLANG_WARN_COMMA = YES;
				CLANG_WARN_CONSTANT_CONVERSION = YES;
				CLANG_WARN_DEPRECATED_OBJC_IMPLEMENTATIONS = YES;
				CLANG_WARN_DIRECT_OBJC_ISA_USAGE = YES_ERROR;
				CLANG_WARN_DOCUMENTATION_COMMENTS = YES;
				CLANG_WARN_EMPTY_BODY = YES;
				CLANG_WARN_ENUM_CONVERSION = YES;
				CLANG_WARN_INFINITE_RECURSION = YES;
				CLANG_WARN_INT_CONVERSION = YES;
				CLANG_WARN_NON_LITERAL_NULL_CONVERSION = YES;
				CLANG_WARN_OBJC_IMPLICIT_RETAIN_SELF = YES;
				CLANG_WARN_OBJC_LITERAL_CONVERSION = YES;
				CLANG_WARN_OBJC_ROOT_CLASS = YES_ERROR;
				CLANG_WARN_QUOTED_INCLUDE_IN_FRAMEWORK_HEADER = YES;
				CLANG_WARN_RANGE_LOOP_ANALYSIS = YES;
				CLANG_WARN_STRICT_PROTOTYPES = YES;
				CLANG_WARN_SUSPICIOUS_MOVE = YES;
				CLANG_WARN_UNGUARDED_AVAILABILITY = YES_AGGRESSIVE;
				CLANG_WARN_UNREACHABLE_CODE = YES;
				CLANG_WARN__DUPLICATE_METHOD_MATCH = YES;
				COPY_PHASE_STRIP = NO;
				DEBUG_INFORMATION_FORMAT = dwarf;
				ENABLE_STRICT_OBJC_MSGSEND = YES;
				ENABLE_TESTABILITY = YES;
				GCC_C_LANGUAGE_STANDARD = gnu11;
				GCC_DYNAMIC_NO_PIC = NO;
				GCC_NO_COMMON_BLOCKS = YES;
				GCC_OPTIMIZATION_LEVEL = 0;
				GCC_PREPROCESSOR_DEFINITIONS = (
					"DEBUG=1",
					"$(inherited)",
				);
				GCC_WARN_64_TO_32_BIT_CONVERSION = YES;
				GCC_WARN_ABOUT_RETURN_TYPE = YES_ERROR;
				GCC_WARN_UNDECLARED_SELECTOR = YES;
				GCC_WARN_UNINITIALIZED_AUTOS = YES_AGGRESSIVE;
				GCC_WARN_UNUSED_FUNCTION = YES;
				GCC_WARN_UNUSED_VARIABLE = YES;
				IPHONEOS_DEPLOYMENT_TARGET = 13.0;
				MTL_ENABLE_DEBUG_INFO = INCLUDE_SOURCE;
				MTL_FAST_MATH = YES;
				ONLY_ACTIVE_ARCH = YES;
				SDKROOT = iphoneos;
				SWIFT_ACTIVE_COMPILATION_CONDITIONS = DEBUG;
				SWIFT_OPTIMIZATION_LEVEL = "-Onone";
			};
			name = Debug;
		};
		AA6265B728060D22004D7897 /* Release */ = {
			isa = XCBuildConfiguration;
			buildSettings = {
				ALWAYS_SEARCH_USER_PATHS = NO;
				CLANG_ANALYZER_LOCALIZABILITY_NONLOCALIZED = YES;
				CLANG_ANALYZER_NONNULL = YES;
				CLANG_ANALYZER_NUMBER_OBJECT_CONVERSION = YES_AGGRESSIVE;
				CLANG_CXX_LANGUAGE_STANDARD = "gnu++17";
				CLANG_ENABLE_MODULES = YES;
				CLANG_ENABLE_OBJC_ARC = YES;
				CLANG_ENABLE_OBJC_WEAK = YES;
				CLANG_WARN_BLOCK_CAPTURE_AUTORELEASING = YES;
				CLANG_WARN_BOOL_CONVERSION = YES;
				CLANG_WARN_COMMA = YES;
				CLANG_WARN_CONSTANT_CONVERSION = YES;
				CLANG_WARN_DEPRECATED_OBJC_IMPLEMENTATIONS = YES;
				CLANG_WARN_DIRECT_OBJC_ISA_USAGE = YES_ERROR;
				CLANG_WARN_DOCUMENTATION_COMMENTS = YES;
				CLANG_WARN_EMPTY_BODY = YES;
				CLANG_WARN_ENUM_CONVERSION = YES;
				CLANG_WARN_INFINITE_RECURSION = YES;
				CLANG_WARN_INT_CONVERSION = YES;
				CLANG_WARN_NON_LITERAL_NULL_CONVERSION = YES;
				CLANG_WARN_OBJC_IMPLICIT_RETAIN_SELF = YES;
				CLANG_WARN_OBJC_LITERAL_CONVERSION = YES;
				CLANG_WARN_OBJC_ROOT_CLASS = YES_ERROR;
				CLANG_WARN_QUOTED_INCLUDE_IN_FRAMEWORK_HEADER = YES;
				CLANG_WARN_RANGE_LOOP_ANALYSIS = YES;
				CLANG_WARN_STRICT_PROTOTYPES = YES;
				CLANG_WARN_SUSPICIOUS_MOVE = YES;
				CLANG_WARN_UNGUARDED_AVAILABILITY = YES_AGGRESSIVE;
				CLANG_WARN_UNREACHABLE_CODE = YES;
				CLANG_WARN__DUPLICATE_METHOD_MATCH = YES;
				COPY_PHASE_STRIP = NO;
				DEBUG_INFORMATION_FORMAT = "dwarf-with-dsym";
				ENABLE_NS_ASSERTIONS = NO;
				ENABLE_STRICT_OBJC_MSGSEND = YES;
				GCC_C_LANGUAGE_STANDARD = gnu11;
				GCC_NO_COMMON_BLOCKS = YES;
				GCC_WARN_64_TO_32_BIT_CONVERSION = YES;
				GCC_WARN_ABOUT_RETURN_TYPE = YES_ERROR;
				GCC_WARN_UNDECLARED_SELECTOR = YES;
				GCC_WARN_UNINITIALIZED_AUTOS = YES_AGGRESSIVE;
				GCC_WARN_UNUSED_FUNCTION = YES;
				GCC_WARN_UNUSED_VARIABLE = YES;
				IPHONEOS_DEPLOYMENT_TARGET = 13.0;
				MTL_ENABLE_DEBUG_INFO = NO;
				MTL_FAST_MATH = YES;
				SDKROOT = iphoneos;
				SWIFT_COMPILATION_MODE = wholemodule;
				SWIFT_OPTIMIZATION_LEVEL = "-O";
				VALIDATE_PRODUCT = YES;
			};
			name = Release;
		};
		AA6265B928060D22004D7897 /* Debug */ = {
			isa = XCBuildConfiguration;
			buildSettings = {
				ASSETCATALOG_COMPILER_APPICON_NAME = AppIcon;
				ASSETCATALOG_COMPILER_GLOBAL_ACCENT_COLOR_NAME = AccentColor;
				CODE_SIGN_STYLE = Automatic;
				CURRENT_PROJECT_VERSION = 1;
				DEVELOPMENT_TEAM = BUT237NHV4;
				FRAMEWORK_SEARCH_PATHS = (
					"$(inherited)",
					"$(PROJECT_DIR)/BitPanda",
				);
				GENERATE_INFOPLIST_FILE = YES;
				INFOPLIST_FILE = BitPanda/Info.plist;
				INFOPLIST_KEY_CFBundleDisplayName = BitPanda;
				INFOPLIST_KEY_LSApplicationCategoryType = "public.app-category.finance";
				INFOPLIST_KEY_UIApplicationSupportsIndirectInputEvents = YES;
				INFOPLIST_KEY_UILaunchStoryboardName = LaunchScreen;
				INFOPLIST_KEY_UISupportedInterfaceOrientations = "";
				INFOPLIST_KEY_UISupportedInterfaceOrientations_iPad = "UIInterfaceOrientationPortrait UIInterfaceOrientationPortraitUpsideDown UIInterfaceOrientationLandscapeLeft UIInterfaceOrientationLandscapeRight";
				INFOPLIST_KEY_UISupportedInterfaceOrientations_iPhone = "UIInterfaceOrientationPortrait UIInterfaceOrientationLandscapeLeft UIInterfaceOrientationLandscapeRight";
				IPHONEOS_DEPLOYMENT_TARGET = 15.0;
				LD_RUNPATH_SEARCH_PATHS = (
					"$(inherited)",
					"@executable_path/Frameworks",
				);
				MARKETING_VERSION = 1.0;
				PRODUCT_BUNDLE_IDENTIFIER = com.rxxk.assessment.BitPanda;
				PRODUCT_NAME = "$(TARGET_NAME)";
				SWIFT_EMIT_LOC_STRINGS = YES;
				SWIFT_VERSION = 5.0;
				TARGETED_DEVICE_FAMILY = "1,2";
			};
			name = Debug;
		};
		AA6265BA28060D22004D7897 /* Release */ = {
			isa = XCBuildConfiguration;
			buildSettings = {
				ASSETCATALOG_COMPILER_APPICON_NAME = AppIcon;
				ASSETCATALOG_COMPILER_GLOBAL_ACCENT_COLOR_NAME = AccentColor;
				CODE_SIGN_STYLE = Automatic;
				CURRENT_PROJECT_VERSION = 1;
				DEVELOPMENT_TEAM = BUT237NHV4;
				FRAMEWORK_SEARCH_PATHS = (
					"$(inherited)",
					"$(PROJECT_DIR)/BitPanda",
				);
				GENERATE_INFOPLIST_FILE = YES;
				INFOPLIST_FILE = BitPanda/Info.plist;
				INFOPLIST_KEY_CFBundleDisplayName = BitPanda;
				INFOPLIST_KEY_LSApplicationCategoryType = "public.app-category.finance";
				INFOPLIST_KEY_UIApplicationSupportsIndirectInputEvents = YES;
				INFOPLIST_KEY_UILaunchStoryboardName = LaunchScreen;
				INFOPLIST_KEY_UISupportedInterfaceOrientations = "";
				INFOPLIST_KEY_UISupportedInterfaceOrientations_iPad = "UIInterfaceOrientationPortrait UIInterfaceOrientationPortraitUpsideDown UIInterfaceOrientationLandscapeLeft UIInterfaceOrientationLandscapeRight";
				INFOPLIST_KEY_UISupportedInterfaceOrientations_iPhone = "UIInterfaceOrientationPortrait UIInterfaceOrientationLandscapeLeft UIInterfaceOrientationLandscapeRight";
				IPHONEOS_DEPLOYMENT_TARGET = 15.0;
				LD_RUNPATH_SEARCH_PATHS = (
					"$(inherited)",
					"@executable_path/Frameworks",
				);
				MARKETING_VERSION = 1.0;
				PRODUCT_BUNDLE_IDENTIFIER = com.rxxk.assessment.BitPanda;
				PRODUCT_NAME = "$(TARGET_NAME)";
				SWIFT_EMIT_LOC_STRINGS = YES;
				SWIFT_VERSION = 5.0;
				TARGETED_DEVICE_FAMILY = "1,2";
			};
			name = Release;
		};
		AA6265BC28060D22004D7897 /* Debug */ = {
			isa = XCBuildConfiguration;
			buildSettings = {
				ALWAYS_EMBED_SWIFT_STANDARD_LIBRARIES = YES;
				BUNDLE_LOADER = "$(TEST_HOST)";
				CODE_SIGN_STYLE = Automatic;
				CURRENT_PROJECT_VERSION = 1;
				GENERATE_INFOPLIST_FILE = YES;
				IPHONEOS_DEPLOYMENT_TARGET = 15.4;
				MARKETING_VERSION = 1.0;
				PRODUCT_BUNDLE_IDENTIFIER = com.rxxk.assessment.BitPandaTests;
				PRODUCT_NAME = "$(TARGET_NAME)";
				SWIFT_EMIT_LOC_STRINGS = NO;
				SWIFT_VERSION = 5.0;
				TARGETED_DEVICE_FAMILY = "1,2";
				TEST_HOST = "$(BUILT_PRODUCTS_DIR)/BitPanda.app/BitPanda";
			};
			name = Debug;
		};
		AA6265BD28060D22004D7897 /* Release */ = {
			isa = XCBuildConfiguration;
			buildSettings = {
				ALWAYS_EMBED_SWIFT_STANDARD_LIBRARIES = YES;
				BUNDLE_LOADER = "$(TEST_HOST)";
				CODE_SIGN_STYLE = Automatic;
				CURRENT_PROJECT_VERSION = 1;
				GENERATE_INFOPLIST_FILE = YES;
				IPHONEOS_DEPLOYMENT_TARGET = 15.4;
				MARKETING_VERSION = 1.0;
				PRODUCT_BUNDLE_IDENTIFIER = com.rxxk.assessment.BitPandaTests;
				PRODUCT_NAME = "$(TARGET_NAME)";
				SWIFT_EMIT_LOC_STRINGS = NO;
				SWIFT_VERSION = 5.0;
				TARGETED_DEVICE_FAMILY = "1,2";
				TEST_HOST = "$(BUILT_PRODUCTS_DIR)/BitPanda.app/BitPanda";
			};
			name = Release;
		};
		AA6265BF28060D22004D7897 /* Debug */ = {
			isa = XCBuildConfiguration;
			buildSettings = {
				ALWAYS_EMBED_SWIFT_STANDARD_LIBRARIES = YES;
				CODE_SIGN_STYLE = Automatic;
				CURRENT_PROJECT_VERSION = 1;
				GENERATE_INFOPLIST_FILE = YES;
				MARKETING_VERSION = 1.0;
				PRODUCT_BUNDLE_IDENTIFIER = com.rxxk.assessment.BitPandaUITests;
				PRODUCT_NAME = "$(TARGET_NAME)";
				SWIFT_EMIT_LOC_STRINGS = NO;
				SWIFT_VERSION = 5.0;
				TARGETED_DEVICE_FAMILY = "1,2";
				TEST_TARGET_NAME = BitPanda;
			};
			name = Debug;
		};
		AA6265C028060D22004D7897 /* Release */ = {
			isa = XCBuildConfiguration;
			buildSettings = {
				ALWAYS_EMBED_SWIFT_STANDARD_LIBRARIES = YES;
				CODE_SIGN_STYLE = Automatic;
				CURRENT_PROJECT_VERSION = 1;
				GENERATE_INFOPLIST_FILE = YES;
				MARKETING_VERSION = 1.0;
				PRODUCT_BUNDLE_IDENTIFIER = com.rxxk.assessment.BitPandaUITests;
				PRODUCT_NAME = "$(TARGET_NAME)";
				SWIFT_EMIT_LOC_STRINGS = NO;
				SWIFT_VERSION = 5.0;
				TARGETED_DEVICE_FAMILY = "1,2";
				TEST_TARGET_NAME = BitPanda;
			};
			name = Release;
		};
/* End XCBuildConfiguration section */

/* Begin XCConfigurationList section */
		AA62658928060D21004D7897 /* Build configuration list for PBXProject "BitPanda" */ = {
			isa = XCConfigurationList;
			buildConfigurations = (
				AA6265B628060D22004D7897 /* Debug */,
				AA6265B728060D22004D7897 /* Release */,
			);
			defaultConfigurationIsVisible = 0;
			defaultConfigurationName = Release;
		};
		AA6265B828060D22004D7897 /* Build configuration list for PBXNativeTarget "BitPanda" */ = {
			isa = XCConfigurationList;
			buildConfigurations = (
				AA6265B928060D22004D7897 /* Debug */,
				AA6265BA28060D22004D7897 /* Release */,
			);
			defaultConfigurationIsVisible = 0;
			defaultConfigurationName = Release;
		};
		AA6265BB28060D22004D7897 /* Build configuration list for PBXNativeTarget "BitPandaTests" */ = {
			isa = XCConfigurationList;
			buildConfigurations = (
				AA6265BC28060D22004D7897 /* Debug */,
				AA6265BD28060D22004D7897 /* Release */,
			);
			defaultConfigurationIsVisible = 0;
			defaultConfigurationName = Release;
		};
		AA6265BE28060D22004D7897 /* Build configuration list for PBXNativeTarget "BitPandaUITests" */ = {
			isa = XCConfigurationList;
			buildConfigurations = (
				AA6265BF28060D22004D7897 /* Debug */,
				AA6265C028060D22004D7897 /* Release */,
			);
			defaultConfigurationIsVisible = 0;
			defaultConfigurationName = Release;
		};
/* End XCConfigurationList section */

/* Begin XCRemoteSwiftPackageReference section */
		AA61144D2B6955B500E9B9D2 /* XCRemoteSwiftPackageReference "swift-style-guide" */ = {
			isa = XCRemoteSwiftPackageReference;
			repositoryURL = "https://github.com/BlakeRxxk/swift-style-guide";
			requirement = {
				branch = main;
				kind = branch;
			};
		};
/* End XCRemoteSwiftPackageReference section */

/* Begin XCSwiftPackageProductDependency section */
		AA0763242814B36D006D7790 /* WalletsFeature */ = {
			isa = XCSwiftPackageProductDependency;
			productName = WalletsFeature;
		};
		AABF2E4A280DF3610098D404 /* BitPandaCore */ = {
			isa = XCSwiftPackageProductDependency;
			productName = BitPandaCore;
		};
		AABF2E4D280DF7470098D404 /* BitPandaUI */ = {
			isa = XCSwiftPackageProductDependency;
			productName = BitPandaUI;
		};
		AAF5295C2811D18600B706DA /* AssetsFeature */ = {
			isa = XCSwiftPackageProductDependency;
			productName = AssetsFeature;
		};
/* End XCSwiftPackageProductDependency section */
	};
	rootObject = AA62658628060D21004D7897 /* Project object */;
}
